
Microsoft Visual Studio Solution File, Format Version 12.00
# Visual Studio Version 17
VisualStudioVersion = 17.0.31903.59
MinimumVisualStudioVersion = 10.0.40219.1
Project("{2150E333-8FDC-42A3-9474-1A3956D46DE8}") = "src", "src", "{795E7203-D40F-4962-837D-DD39BAF2C930}"
EndProject
Project("{2150E333-8FDC-42A3-9474-1A3956D46DE8}") = "tests", "tests", "{51DD9DE3-DA20-4C0B-82D6-029445F6BD42}"
	ProjectSection(SolutionItems) = preProject
		tests\Directory.Build.props = tests\Directory.Build.props
		tests\readme.md = tests\readme.md
	EndProjectSection
EndProject
Project("{9A19103F-16F7-4668-BE54-9A1E7A4F7556}") = "Aquifer.API", "src\Aquifer.API\Aquifer.API.csproj", "{831A381B-68CF-4ED8-A5FC-FD2A4D94F18B}"
EndProject
Project("{9A19103F-16F7-4668-BE54-9A1E7A4F7556}") = "Aquifer.Data", "src\Aquifer.Data\Aquifer.Data.csproj", "{2CE9009D-784B-4A78-BBA9-8B0043AA9277}"
EndProject
Project("{9A19103F-16F7-4668-BE54-9A1E7A4F7556}") = "Aquifer.Migrations", "src\Aquifer.Migrations\Aquifer.Migrations.csproj", "{47A55D6A-68CE-4DAE-82BD-6DC78CF701F1}"
EndProject
Project("{9A19103F-16F7-4668-BE54-9A1E7A4F7556}") = "Aquifer.Public.API", "src\Aquifer.Public.API\Aquifer.Public.API.csproj", "{7BE90A99-0E5B-43D8-81EE-960EDDAE05B3}"
EndProject
Project("{9A19103F-16F7-4668-BE54-9A1E7A4F7556}") = "Aquifer.Common", "src\Aquifer.Common\Aquifer.Common.csproj", "{9AB0BF9D-39CC-4DD1-8D88-976EC77C0B78}"
EndProject
Project("{9A19103F-16F7-4668-BE54-9A1E7A4F7556}") = "Aquifer.Jobs", "src\Aquifer.Jobs\Aquifer.Jobs.csproj", "{CDDA72AF-C879-4CFC-9015-B0CB4979837F}"
EndProject
Project("{9A19103F-16F7-4668-BE54-9A1E7A4F7556}") = "Aquifer.Public.API.UnitTests", "tests\Aquifer.Public.API.UnitTests\Aquifer.Public.API.UnitTests.csproj", "{54472F2B-2D3F-4985-BE86-550B4C584CB3}"
EndProject
Project("{9A19103F-16F7-4668-BE54-9A1E7A4F7556}") = "Aquifer.Common.UnitTests", "tests\Aquifer.Common.UnitTests\Aquifer.Common.UnitTests.csproj", "{8ECBEB0B-4575-486E-9B9F-4CAC0A1EE2D5}"
EndProject
Project("{2150E333-8FDC-42A3-9474-1A3956D46DE8}") = "Solution Items", "Solution Items", "{180F25DB-77E1-47DA-B532-B40736EBFD15}"
	ProjectSection(SolutionItems) = preProject
		.editorconfig = .editorconfig
		.gitignore = .gitignore
		Directory.Build.props = Directory.Build.props
		Directory.Packages.props = Directory.Packages.props
		Directory.Solution.props = Directory.Solution.props
		global.json = global.json
		README.md = README.md
	EndProjectSection
EndProject
Project("{2150E333-8FDC-42A3-9474-1A3956D46DE8}") = "docs", "docs", "{A58E5204-2BD0-4AE8-936B-70F707A66F21}"
	ProjectSection(SolutionItems) = preProject
		docs\infrastructure.md = docs\infrastructure.md
	EndProjectSection
EndProject
Project("{54A90642-561A-4BB1-A94E-469ADEE60C69}") = "Aquifer.Tiptap", "src\Aquifer.Tiptap\Aquifer.Tiptap.esproj", "{84673E74-EAC8-4F61-B469-C91644CC964F}"
EndProject
Project("{FAE04EC0-301F-11D3-BF4B-00C04F79EFBC}") = "Aquifer.JsEngine", "src\Aquifer.JsEngine\Aquifer.JsEngine.csproj", "{A89EF560-F8D2-4BEF-ACE2-63ABB30FF999}"
EndProject
Project("{FAE04EC0-301F-11D3-BF4B-00C04F79EFBC}") = "Aquifer.JsEngine.UnitTests", "tests\Aquifer.JsEngine.UnitTests\Aquifer.JsEngine.UnitTests.csproj", "{75A88D22-58A0-4F4F-B235-3A01AB40914D}"
EndProject
Project("{FAE04EC0-301F-11D3-BF4B-00C04F79EFBC}") = "Aquifer.AI", "src\Aquifer.AI\Aquifer.AI.csproj", "{2F91DE0E-17AB-4DDD-9D73-9BE6CC1B1355}"
EndProject
Project("{FAE04EC0-301F-11D3-BF4B-00C04F79EFBC}") = "Aquifer.Public.API.IntegrationTests", "tests\Aquifer.Public.API.IntegrationTests\Aquifer.Public.API.IntegrationTests.csproj", "{0CF81CD4-6257-4A36-BF67-C1C581E93951}"
EndProject
Project("{FAE04EC0-301F-11D3-BF4B-00C04F79EFBC}") = "Aquifer.Jobs.UnitTests", "tests\Aquifer.Jobs.UnitTests\Aquifer.Jobs.UnitTests.csproj", "{5205B15E-7521-40A7-8C66-19C231839E4F}"
EndProject
Project("{FAE04EC0-301F-11D3-BF4B-00C04F79EFBC}") = "Aquifer.API.IntegrationTests", "tests\Aquifer.API.IntegrationTests\Aquifer.API.IntegrationTests.csproj", "{EFCB9F65-BC0A-4AB6-9A42-19A0BD15ED30}"
EndProject
Project("{FAE04EC0-301F-11D3-BF4B-00C04F79EFBC}") = "Aquifer.Common.IntegrationTests", "tests\Aquifer.Common.IntegrationTests\Aquifer.Common.IntegrationTests.csproj", "{73F5F966-C27E-47AB-8B02-7A4B48C374EC}"
EndProject
Project("{2150E333-8FDC-42A3-9474-1A3956D46DE8}") = "github", "github", "{02EA681E-C7D8-13C7-8484-4AC65E1B71E8}"
	ProjectSection(SolutionItems) = preProject
		.github\CODEOWNERS = .github\CODEOWNERS
		.github\settings.yml = .github\settings.yml
	EndProjectSection
EndProject
Project("{2150E333-8FDC-42A3-9474-1A3956D46DE8}") = "actions", "actions", "{61FDF919-192A-435C-8A61-2F7E97AC6454}"
EndProject
Project("{2150E333-8FDC-42A3-9474-1A3956D46DE8}") = "workflows", "workflows", "{7F69D32F-5B88-4B95-8AB7-9A8F72A36132}"
	ProjectSection(SolutionItems) = preProject
		.github\workflows\create-hotfix.yml = .github\workflows\create-hotfix.yml
		.github\workflows\post-merge-internal-api.yml = .github\workflows\post-merge-internal-api.yml
		.github\workflows\post-merge-jobs.yml = .github\workflows\post-merge-jobs.yml
		.github\workflows\post-merge-public-api.yml = .github\workflows\post-merge-public-api.yml
		.github\workflows\pre-merge.yml = .github\workflows\pre-merge.yml
	EndProjectSection
EndProject
Project("{2150E333-8FDC-42A3-9474-1A3956D46DE8}") = "deploy-to-env", "deploy-to-env", "{92256CE3-C3B2-4A50-85B4-8D0564FB3E11}"
	ProjectSection(SolutionItems) = preProject
		.github\actions\deploy-to-env\action.yml = .github\actions\deploy-to-env\action.yml
	EndProjectSection
EndProject
Project("{FAE04EC0-301F-11D3-BF4B-00C04F79EFBC}") = "Aquifer.Well.API", "src\Aquifer.Well.API\Aquifer.Well.API.csproj", "{FFD5BBAC-BDD1-4951-8402-01ED82005266}"
EndProject
Global
	GlobalSection(SolutionConfigurationPlatforms) = preSolution
		Debug|Any CPU = Debug|Any CPU
		Release|Any CPU = Release|Any CPU
	EndGlobalSection
	GlobalSection(ProjectConfigurationPlatforms) = postSolution
		{831A381B-68CF-4ED8-A5FC-FD2A4D94F18B}.Debug|Any CPU.ActiveCfg = Debug|Any CPU
		{831A381B-68CF-4ED8-A5FC-FD2A4D94F18B}.Debug|Any CPU.Build.0 = Debug|Any CPU
		{831A381B-68CF-4ED8-A5FC-FD2A4D94F18B}.Release|Any CPU.ActiveCfg = Release|Any CPU
		{831A381B-68CF-4ED8-A5FC-FD2A4D94F18B}.Release|Any CPU.Build.0 = Release|Any CPU
		{2CE9009D-784B-4A78-BBA9-8B0043AA9277}.Debug|Any CPU.ActiveCfg = Debug|Any CPU
		{2CE9009D-784B-4A78-BBA9-8B0043AA9277}.Debug|Any CPU.Build.0 = Debug|Any CPU
		{2CE9009D-784B-4A78-BBA9-8B0043AA9277}.Release|Any CPU.ActiveCfg = Release|Any CPU
		{2CE9009D-784B-4A78-BBA9-8B0043AA9277}.Release|Any CPU.Build.0 = Release|Any CPU
		{47A55D6A-68CE-4DAE-82BD-6DC78CF701F1}.Debug|Any CPU.ActiveCfg = Debug|Any CPU
		{47A55D6A-68CE-4DAE-82BD-6DC78CF701F1}.Debug|Any CPU.Build.0 = Debug|Any CPU
		{47A55D6A-68CE-4DAE-82BD-6DC78CF701F1}.Release|Any CPU.ActiveCfg = Release|Any CPU
		{47A55D6A-68CE-4DAE-82BD-6DC78CF701F1}.Release|Any CPU.Build.0 = Release|Any CPU
		{7BE90A99-0E5B-43D8-81EE-960EDDAE05B3}.Debug|Any CPU.ActiveCfg = Debug|Any CPU
		{7BE90A99-0E5B-43D8-81EE-960EDDAE05B3}.Debug|Any CPU.Build.0 = Debug|Any CPU
		{7BE90A99-0E5B-43D8-81EE-960EDDAE05B3}.Release|Any CPU.ActiveCfg = Release|Any CPU
		{7BE90A99-0E5B-43D8-81EE-960EDDAE05B3}.Release|Any CPU.Build.0 = Release|Any CPU
		{9AB0BF9D-39CC-4DD1-8D88-976EC77C0B78}.Debug|Any CPU.ActiveCfg = Debug|Any CPU
		{9AB0BF9D-39CC-4DD1-8D88-976EC77C0B78}.Debug|Any CPU.Build.0 = Debug|Any CPU
		{9AB0BF9D-39CC-4DD1-8D88-976EC77C0B78}.Release|Any CPU.ActiveCfg = Release|Any CPU
		{9AB0BF9D-39CC-4DD1-8D88-976EC77C0B78}.Release|Any CPU.Build.0 = Release|Any CPU
		{CDDA72AF-C879-4CFC-9015-B0CB4979837F}.Debug|Any CPU.ActiveCfg = Debug|Any CPU
		{CDDA72AF-C879-4CFC-9015-B0CB4979837F}.Debug|Any CPU.Build.0 = Debug|Any CPU
		{CDDA72AF-C879-4CFC-9015-B0CB4979837F}.Release|Any CPU.ActiveCfg = Release|Any CPU
		{CDDA72AF-C879-4CFC-9015-B0CB4979837F}.Release|Any CPU.Build.0 = Release|Any CPU
		{54472F2B-2D3F-4985-BE86-550B4C584CB3}.Debug|Any CPU.ActiveCfg = Debug|Any CPU
		{54472F2B-2D3F-4985-BE86-550B4C584CB3}.Debug|Any CPU.Build.0 = Debug|Any CPU
		{54472F2B-2D3F-4985-BE86-550B4C584CB3}.Release|Any CPU.ActiveCfg = Release|Any CPU
		{54472F2B-2D3F-4985-BE86-550B4C584CB3}.Release|Any CPU.Build.0 = Release|Any CPU
		{8ECBEB0B-4575-486E-9B9F-4CAC0A1EE2D5}.Debug|Any CPU.ActiveCfg = Debug|Any CPU
		{8ECBEB0B-4575-486E-9B9F-4CAC0A1EE2D5}.Debug|Any CPU.Build.0 = Debug|Any CPU
		{8ECBEB0B-4575-486E-9B9F-4CAC0A1EE2D5}.Release|Any CPU.ActiveCfg = Release|Any CPU
		{8ECBEB0B-4575-486E-9B9F-4CAC0A1EE2D5}.Release|Any CPU.Build.0 = Release|Any CPU
		{84673E74-EAC8-4F61-B469-C91644CC964F}.Debug|Any CPU.ActiveCfg = Debug|Any CPU
		{84673E74-EAC8-4F61-B469-C91644CC964F}.Debug|Any CPU.Build.0 = Debug|Any CPU
		{84673E74-EAC8-4F61-B469-C91644CC964F}.Debug|Any CPU.Deploy.0 = Debug|Any CPU
		{84673E74-EAC8-4F61-B469-C91644CC964F}.Release|Any CPU.ActiveCfg = Release|Any CPU
		{84673E74-EAC8-4F61-B469-C91644CC964F}.Release|Any CPU.Build.0 = Release|Any CPU
		{84673E74-EAC8-4F61-B469-C91644CC964F}.Release|Any CPU.Deploy.0 = Release|Any CPU
		{A89EF560-F8D2-4BEF-ACE2-63ABB30FF999}.Debug|Any CPU.ActiveCfg = Debug|Any CPU
		{A89EF560-F8D2-4BEF-ACE2-63ABB30FF999}.Debug|Any CPU.Build.0 = Debug|Any CPU
		{A89EF560-F8D2-4BEF-ACE2-63ABB30FF999}.Release|Any CPU.ActiveCfg = Release|Any CPU
		{A89EF560-F8D2-4BEF-ACE2-63ABB30FF999}.Release|Any CPU.Build.0 = Release|Any CPU
		{75A88D22-58A0-4F4F-B235-3A01AB40914D}.Debug|Any CPU.ActiveCfg = Debug|Any CPU
		{75A88D22-58A0-4F4F-B235-3A01AB40914D}.Debug|Any CPU.Build.0 = Debug|Any CPU
		{75A88D22-58A0-4F4F-B235-3A01AB40914D}.Release|Any CPU.ActiveCfg = Release|Any CPU
		{75A88D22-58A0-4F4F-B235-3A01AB40914D}.Release|Any CPU.Build.0 = Release|Any CPU
		{2F91DE0E-17AB-4DDD-9D73-9BE6CC1B1355}.Debug|Any CPU.ActiveCfg = Debug|Any CPU
		{2F91DE0E-17AB-4DDD-9D73-9BE6CC1B1355}.Debug|Any CPU.Build.0 = Debug|Any CPU
		{2F91DE0E-17AB-4DDD-9D73-9BE6CC1B1355}.Release|Any CPU.ActiveCfg = Release|Any CPU
		{2F91DE0E-17AB-4DDD-9D73-9BE6CC1B1355}.Release|Any CPU.Build.0 = Release|Any CPU
		{0CF81CD4-6257-4A36-BF67-C1C581E93951}.Debug|Any CPU.ActiveCfg = Debug|Any CPU
		{0CF81CD4-6257-4A36-BF67-C1C581E93951}.Debug|Any CPU.Build.0 = Debug|Any CPU
		{0CF81CD4-6257-4A36-BF67-C1C581E93951}.Release|Any CPU.ActiveCfg = Release|Any CPU
		{0CF81CD4-6257-4A36-BF67-C1C581E93951}.Release|Any CPU.Build.0 = Release|Any CPU
		{5205B15E-7521-40A7-8C66-19C231839E4F}.Debug|Any CPU.ActiveCfg = Debug|Any CPU
		{5205B15E-7521-40A7-8C66-19C231839E4F}.Debug|Any CPU.Build.0 = Debug|Any CPU
		{5205B15E-7521-40A7-8C66-19C231839E4F}.Release|Any CPU.ActiveCfg = Release|Any CPU
		{5205B15E-7521-40A7-8C66-19C231839E4F}.Release|Any CPU.Build.0 = Release|Any CPU
		{EFCB9F65-BC0A-4AB6-9A42-19A0BD15ED30}.Debug|Any CPU.ActiveCfg = Debug|Any CPU
		{EFCB9F65-BC0A-4AB6-9A42-19A0BD15ED30}.Debug|Any CPU.Build.0 = Debug|Any CPU
		{EFCB9F65-BC0A-4AB6-9A42-19A0BD15ED30}.Release|Any CPU.ActiveCfg = Release|Any CPU
		{EFCB9F65-BC0A-4AB6-9A42-19A0BD15ED30}.Release|Any CPU.Build.0 = Release|Any CPU
		{73F5F966-C27E-47AB-8B02-7A4B48C374EC}.Debug|Any CPU.ActiveCfg = Debug|Any CPU
		{73F5F966-C27E-47AB-8B02-7A4B48C374EC}.Debug|Any CPU.Build.0 = Debug|Any CPU
		{73F5F966-C27E-47AB-8B02-7A4B48C374EC}.Release|Any CPU.ActiveCfg = Release|Any CPU
		{73F5F966-C27E-47AB-8B02-7A4B48C374EC}.Release|Any CPU.Build.0 = Release|Any CPU
		{FFD5BBAC-BDD1-4951-8402-01ED82005266}.Debug|Any CPU.ActiveCfg = Debug|Any CPU
		{FFD5BBAC-BDD1-4951-8402-01ED82005266}.Debug|Any CPU.Build.0 = Debug|Any CPU
		{FFD5BBAC-BDD1-4951-8402-01ED82005266}.Release|Any CPU.ActiveCfg = Release|Any CPU
		{FFD5BBAC-BDD1-4951-8402-01ED82005266}.Release|Any CPU.Build.0 = Release|Any CPU
	EndGlobalSection
	GlobalSection(SolutionProperties) = preSolution
		HideSolutionNode = FALSE
	EndGlobalSection
	GlobalSection(NestedProjects) = preSolution
		{831A381B-68CF-4ED8-A5FC-FD2A4D94F18B} = {795E7203-D40F-4962-837D-DD39BAF2C930}
		{2CE9009D-784B-4A78-BBA9-8B0043AA9277} = {795E7203-D40F-4962-837D-DD39BAF2C930}
		{47A55D6A-68CE-4DAE-82BD-6DC78CF701F1} = {795E7203-D40F-4962-837D-DD39BAF2C930}
		{7BE90A99-0E5B-43D8-81EE-960EDDAE05B3} = {795E7203-D40F-4962-837D-DD39BAF2C930}
		{9AB0BF9D-39CC-4DD1-8D88-976EC77C0B78} = {795E7203-D40F-4962-837D-DD39BAF2C930}
		{CDDA72AF-C879-4CFC-9015-B0CB4979837F} = {795E7203-D40F-4962-837D-DD39BAF2C930}
		{54472F2B-2D3F-4985-BE86-550B4C584CB3} = {51DD9DE3-DA20-4C0B-82D6-029445F6BD42}
		{8ECBEB0B-4575-486E-9B9F-4CAC0A1EE2D5} = {51DD9DE3-DA20-4C0B-82D6-029445F6BD42}
		{A58E5204-2BD0-4AE8-936B-70F707A66F21} = {180F25DB-77E1-47DA-B532-B40736EBFD15}
		{84673E74-EAC8-4F61-B469-C91644CC964F} = {795E7203-D40F-4962-837D-DD39BAF2C930}
		{A89EF560-F8D2-4BEF-ACE2-63ABB30FF999} = {795E7203-D40F-4962-837D-DD39BAF2C930}
		{75A88D22-58A0-4F4F-B235-3A01AB40914D} = {51DD9DE3-DA20-4C0B-82D6-029445F6BD42}
		{2F91DE0E-17AB-4DDD-9D73-9BE6CC1B1355} = {795E7203-D40F-4962-837D-DD39BAF2C930}
		{0CF81CD4-6257-4A36-BF67-C1C581E93951} = {51DD9DE3-DA20-4C0B-82D6-029445F6BD42}
		{5205B15E-7521-40A7-8C66-19C231839E4F} = {51DD9DE3-DA20-4C0B-82D6-029445F6BD42}
		{EFCB9F65-BC0A-4AB6-9A42-19A0BD15ED30} = {51DD9DE3-DA20-4C0B-82D6-029445F6BD42}
		{73F5F966-C27E-47AB-8B02-7A4B48C374EC} = {51DD9DE3-DA20-4C0B-82D6-029445F6BD42}
		{02EA681E-C7D8-13C7-8484-4AC65E1B71E8} = {180F25DB-77E1-47DA-B532-B40736EBFD15}
		{61FDF919-192A-435C-8A61-2F7E97AC6454} = {02EA681E-C7D8-13C7-8484-4AC65E1B71E8}
		{7F69D32F-5B88-4B95-8AB7-9A8F72A36132} = {02EA681E-C7D8-13C7-8484-4AC65E1B71E8}
		{92256CE3-C3B2-4A50-85B4-8D0564FB3E11} = {61FDF919-192A-435C-8A61-2F7E97AC6454}
		{FFD5BBAC-BDD1-4951-8402-01ED82005266} = {795E7203-D40F-4962-837D-DD39BAF2C930}
	EndGlobalSection
	GlobalSection(ExtensibilityGlobals) = postSolution
		SolutionGuid = {8E32492B-EA66-40E4-A7A8-67E4ABA14A53}
	EndGlobalSection
EndGlobal
